Microsoft Visual Studio Solution File, Format Version 12.00
# Visual Studio Version 17
VisualStudioVersion = 17.5.2.0
MinimumVisualStudioVersion = 10.0.40219.1
Project("{FAE04EC0-301F-11D3-BF4B-00C04F79EFBC}") = "wpfstudy", "wpfstudy.csproj", "{64A72A4F-9ABA-BADF-BE65-5445618CE8E8}"
EndProject
Global
	GlobalSection(SolutionConfigurationPlatforms) = preSolution
		Debug|Any CPU = Debug|Any CPU
		Release|Any CPU = Release|Any CPU
	EndGlobalSection
	GlobalSection(ProjectConfigurationPlatforms) = postSolution
		{64A72A4F-9ABA-BADF-BE65-5445618CE8E8}.Debug|Any CPU.ActiveCfg = Debug|Any CPU
		{64A72A4F-9ABA-BADF-BE65-5445618CE8E8}.Debug|Any CPU.Build.0 = Debug|Any CPU
		{64A72A4F-9ABA-BADF-BE65-5445618CE8E8}.Release|Any CPU.ActiveCfg = Release|Any CPU
		{64A72A4F-9ABA-BADF-BE65-5445618CE8E8}.Release|Any CPU.Build.0 = Release|Any CPU
	EndGlobalSection
	GlobalSection(SolutionProperties) = preSolution
		HideSolutionNode = FALSE
	EndGlobalSection
	GlobalSection(ExtensibilityGlobals) = postSolution
		SolutionGuid = {BB2A8C70-BE3D-4706-9F15-E9D6EDBB1AF3}
	EndGlobalSection
EndGlobal
